
Microsoft Visual Studio Solution File, Format Version 12.00
# Visual Studio Version 17
VisualStudioVersion = 17.6.33829.357
MinimumVisualStudioVersion = 10.0.40219.1
Project("{FAE04EC0-301F-11D3-BF4B-00C04F79EFBC}") = "gui_petsys", "gui_petsys\gui_petsys.csproj", "{98EF481E-B8A1-4EC7-A9A5-004D4CEEF881}"
EndProject
Global
	GlobalSection(SolutionConfigurationPlatforms) = preSolution
		Debug|Any CPU = Debug|Any CPU
		Release|Any CPU = Release|Any CPU
	EndGlobalSection
	GlobalSection(ProjectConfigurationPlatforms) = postSolution
		{98EF481E-B8A1-4EC7-A9A5-004D4CEEF881}.Debug|Any CPU.ActiveCfg = Debug|Any CPU
		{98EF481E-B8A1-4EC7-A9A5-004D4CEEF881}.Debug|Any CPU.Build.0 = Debug|Any CPU
		{98EF481E-B8A1-4EC7-A9A5-004D4CEEF881}.Release|Any CPU.ActiveCfg = Release|Any CPU
		{98EF481E-B8A1-4EC7-A9A5-004D4CEEF881}.Release|Any CPU.Build.0 = Release|Any CPU
	EndGlobalSection
	GlobalSection(SolutionProperties) = preSolution
		HideSolutionNode = FALSE
	EndGlobalSection
	GlobalSection(ExtensibilityGlobals) = postSolution
		SolutionGuid = {E0E3F206-CF6D-4031-BE8B-D6EB432DFA26}
	EndGlobalSection
EndGlobal
